
Microsoft Visual Studio Solution File, Format Version 12.00
# Visual Studio Version 17
VisualStudioVersion = 17.4.33110.190
MinimumVisualStudioVersion = 10.0.40219.1
Project("{9A19103F-16F7-4668-BE54-9A1E7A4F7556}") = "RickAndMortyLibrary", "RickAndMortyLibrary\RickAndMortyLibrary.csproj", "{4A5521D3-3DDD-4A47-B1D0-78101BFAF276}"
EndProject
Project("{9A19103F-16F7-4668-BE54-9A1E7A4F7556}") = "TestConsole", "TestConsole\TestConsole.csproj", "{1D74D66C-62A0-41BC-B1BA-9DC51143BA39}"
EndProject
Project("{9A19103F-16F7-4668-BE54-9A1E7A4F7556}") = "DPTPLibrary", "DPTPListener\DPTPLibrary.csproj", "{35B5F563-6865-40BC-BEDB-CE1B1798B3E9}"
EndProject
Project("{9A19103F-16F7-4668-BE54-9A1E7A4F7556}") = "MyProtocol", "MyProtocol\MyProtocol.csproj", "{56CE2B41-BD79-40A6-82B9-7D24D02A28A6}"
EndProject
Project("{9A19103F-16F7-4668-BE54-9A1E7A4F7556}") = "RickAndMortyUI", "RickAndMortyUI\RickAndMortyUI.csproj", "{757B8A71-E34C-4ECB-9035-49F58715C89F}"
EndProject
Global
	GlobalSection(SolutionConfigurationPlatforms) = preSolution
		Debug|Any CPU = Debug|Any CPU
		Debug|ARM = Debug|ARM
		Debug|ARM64 = Debug|ARM64
		Debug|x64 = Debug|x64
		Debug|x86 = Debug|x86
		Release|Any CPU = Release|Any CPU
		Release|ARM = Release|ARM
		Release|ARM64 = Release|ARM64
		Release|x64 = Release|x64
		Release|x86 = Release|x86
	EndGlobalSection
	GlobalSection(ProjectConfigurationPlatforms) = postSolution
		{4A5521D3-3DDD-4A47-B1D0-78101BFAF276}.Debug|Any CPU.ActiveCfg = Debug|Any CPU
		{4A5521D3-3DDD-4A47-B1D0-78101BFAF276}.Debug|Any CPU.Build.0 = Debug|Any CPU
		{4A5521D3-3DDD-4A47-B1D0-78101BFAF276}.Debug|ARM.ActiveCfg = Debug|Any CPU
		{4A5521D3-3DDD-4A47-B1D0-78101BFAF276}.Debug|ARM.Build.0 = Debug|Any CPU
		{4A5521D3-3DDD-4A47-B1D0-78101BFAF276}.Debug|ARM64.ActiveCfg = Debug|Any CPU
		{4A5521D3-3DDD-4A47-B1D0-78101BFAF276}.Debug|ARM64.Build.0 = Debug|Any CPU
		{4A5521D3-3DDD-4A47-B1D0-78101BFAF276}.Debug|x64.ActiveCfg = Debug|Any CPU
		{4A5521D3-3DDD-4A47-B1D0-78101BFAF276}.Debug|x64.Build.0 = Debug|Any CPU
		{4A5521D3-3DDD-4A47-B1D0-78101BFAF276}.Debug|x86.ActiveCfg = Debug|Any CPU
		{4A5521D3-3DDD-4A47-B1D0-78101BFAF276}.Debug|x86.Build.0 = Debug|Any CPU
		{4A5521D3-3DDD-4A47-B1D0-78101BFAF276}.Release|Any CPU.ActiveCfg = Release|Any CPU
		{4A5521D3-3DDD-4A47-B1D0-78101BFAF276}.Release|Any CPU.Build.0 = Release|Any CPU
		{4A5521D3-3DDD-4A47-B1D0-78101BFAF276}.Release|ARM.ActiveCfg = Release|Any CPU
		{4A5521D3-3DDD-4A47-B1D0-78101BFAF276}.Release|ARM.Build.0 = Release|Any CPU
		{4A5521D3-3DDD-4A47-B1D0-78101BFAF276}.Release|ARM64.ActiveCfg = Release|Any CPU
		{4A5521D3-3DDD-4A47-B1D0-78101BFAF276}.Release|ARM64.Build.0 = Release|Any CPU
		{4A5521D3-3DDD-4A47-B1D0-78101BFAF276}.Release|x64.ActiveCfg = Release|Any CPU
		{4A5521D3-3DDD-4A47-B1D0-78101BFAF276}.Release|x64.Build.0 = Release|Any CPU
		{4A5521D3-3DDD-4A47-B1D0-78101BFAF276}.Release|x86.ActiveCfg = Release|Any CPU
		{4A5521D3-3DDD-4A47-B1D0-78101BFAF276}.Release|x86.Build.0 = Release|Any CPU
		{1D74D66C-62A0-41BC-B1BA-9DC51143BA39}.Debug|Any CPU.ActiveCfg = Debug|Any CPU
		{1D74D66C-62A0-41BC-B1BA-9DC51143BA39}.Debug|Any CPU.Build.0 = Debug|Any CPU
		{1D74D66C-62A0-41BC-B1BA-9DC51143BA39}.Debug|ARM.ActiveCfg = Debug|Any CPU
		{1D74D66C-62A0-41BC-B1BA-9DC51143BA39}.Debug|ARM.Build.0 = Debug|Any CPU
		{1D74D66C-62A0-41BC-B1BA-9DC51143BA39}.Debug|ARM64.ActiveCfg = Debug|Any CPU
		{1D74D66C-62A0-41BC-B1BA-9DC51143BA39}.Debug|ARM64.Build.0 = Debug|Any CPU
		{1D74D66C-62A0-41BC-B1BA-9DC51143BA39}.Debug|x64.ActiveCfg = Debug|Any CPU
		{1D74D66C-62A0-41BC-B1BA-9DC51143BA39}.Debug|x64.Build.0 = Debug|Any CPU
		{1D74D66C-62A0-41BC-B1BA-9DC51143BA39}.Debug|x86.ActiveCfg = Debug|Any CPU
		{1D74D66C-62A0-41BC-B1BA-9DC51143BA39}.Debug|x86.Build.0 = Debug|Any CPU
		{1D74D66C-62A0-41BC-B1BA-9DC51143BA39}.Release|Any CPU.ActiveCfg = Release|Any CPU
		{1D74D66C-62A0-41BC-B1BA-9DC51143BA39}.Release|Any CPU.Build.0 = Release|Any CPU
		{1D74D66C-62A0-41BC-B1BA-9DC51143BA39}.Release|ARM.ActiveCfg = Release|Any CPU
		{1D74D66C-62A0-41BC-B1BA-9DC51143BA39}.Release|ARM.Build.0 = Release|Any CPU
		{1D74D66C-62A0-41BC-B1BA-9DC51143BA39}.Release|ARM64.ActiveCfg = Release|Any CPU
		{1D74D66C-62A0-41BC-B1BA-9DC51143BA39}.Release|ARM64.Build.0 = Release|Any CPU
		{1D74D66C-62A0-41BC-B1BA-9DC51143BA39}.Release|x64.ActiveCfg = Release|Any CPU
		{1D74D66C-62A0-41BC-B1BA-9DC51143BA39}.Release|x64.Build.0 = Release|Any CPU
		{1D74D66C-62A0-41BC-B1BA-9DC51143BA39}.Release|x86.ActiveCfg = Release|Any CPU
		{1D74D66C-62A0-41BC-B1BA-9DC51143BA39}.Release|x86.Build.0 = Release|Any CPU
		{35B5F563-6865-40BC-BEDB-CE1B1798B3E9}.Debug|Any CPU.ActiveCfg = Debug|Any CPU
		{35B5F563-6865-40BC-BEDB-CE1B1798B3E9}.Debug|Any CPU.Build.0 = Debug|Any CPU
		{35B5F563-6865-40BC-BEDB-CE1B1798B3E9}.Debug|ARM.ActiveCfg = Debug|Any CPU
		{35B5F563-6865-40BC-BEDB-CE1B1798B3E9}.Debug|ARM.Build.0 = Debug|Any CPU
		{35B5F563-6865-40BC-BEDB-CE1B1798B3E9}.Debug|ARM64.ActiveCfg = Debug|Any CPU
		{35B5F563-6865-40BC-BEDB-CE1B1798B3E9}.Debug|ARM64.Build.0 = Debug|Any CPU
		{35B5F563-6865-40BC-BEDB-CE1B1798B3E9}.Debug|x64.ActiveCfg = Debug|Any CPU
		{35B5F563-6865-40BC-BEDB-CE1B1798B3E9}.Debug|x64.Build.0 = Debug|Any CPU
		{35B5F563-6865-40BC-BEDB-CE1B1798B3E9}.Debug|x86.ActiveCfg = Debug|Any CPU
		{35B5F563-6865-40BC-BEDB-CE1B1798B3E9}.Debug|x86.Build.0 = Debug|Any CPU
		{35B5F563-6865-40BC-BEDB-CE1B1798B3E9}.Release|Any CPU.ActiveCfg = Release|Any CPU
		{35B5F563-6865-40BC-BEDB-CE1B1798B3E9}.Release|Any CPU.Build.0 = Release|Any CPU
		{35B5F563-6865-40BC-BEDB-CE1B1798B3E9}.Release|ARM.ActiveCfg = Release|Any CPU
		{35B5F563-6865-40BC-BEDB-CE1B1798B3E9}.Release|ARM.Build.0 = Release|Any CPU
		{35B5F563-6865-40BC-BEDB-CE1B1798B3E9}.Release|ARM64.ActiveCfg = Release|Any CPU
		{35B5F563-6865-40BC-BEDB-CE1B1798B3E9}.Release|ARM64.Build.0 = Release|Any CPU
		{35B5F563-6865-40BC-BEDB-CE1B1798B3E9}.Release|x64.ActiveCfg = Release|Any CPU
		{35B5F563-6865-40BC-BEDB-CE1B1798B3E9}.Release|x64.Build.0 = Release|Any CPU
		{35B5F563-6865-40BC-BEDB-CE1B1798B3E9}.Release|x86.ActiveCfg = Release|Any CPU
		{35B5F563-6865-40BC-BEDB-CE1B1798B3E9}.Release|x86.Build.0 = Release|Any CPU
		{56CE2B41-BD79-40A6-82B9-7D24D02A28A6}.Debug|Any CPU.ActiveCfg = Debug|Any CPU
		{56CE2B41-BD79-40A6-82B9-7D24D02A28A6}.Debug|Any CPU.Build.0 = Debug|Any CPU
		{56CE2B41-BD79-40A6-82B9-7D24D02A28A6}.Debug|ARM.ActiveCfg = Debug|Any CPU
		{56CE2B41-BD79-40A6-82B9-7D24D02A28A6}.Debug|ARM.Build.0 = Debug|Any CPU
		{56CE2B41-BD79-40A6-82B9-7D24D02A28A6}.Debug|ARM64.ActiveCfg = Debug|Any CPU
		{56CE2B41-BD79-40A6-82B9-7D24D02A28A6}.Debug|ARM64.Build.0 = Debug|Any CPU
		{56CE2B41-BD79-40A6-82B9-7D24D02A28A6}.Debug|x64.ActiveCfg = Debug|Any CPU
		{56CE2B41-BD79-40A6-82B9-7D24D02A28A6}.Debug|x64.Build.0 = Debug|Any CPU
		{56CE2B41-BD79-40A6-82B9-7D24D02A28A6}.Debug|x86.ActiveCfg = Debug|Any CPU
		{56CE2B41-BD79-40A6-82B9-7D24D02A28A6}.Debug|x86.Build.0 = Debug|Any CPU
		{56CE2B41-BD79-40A6-82B9-7D24D02A28A6}.Release|Any CPU.ActiveCfg = Release|Any CPU
		{56CE2B41-BD79-40A6-82B9-7D24D02A28A6}.Release|Any CPU.Build.0 = Release|Any CPU
		{56CE2B41-BD79-40A6-82B9-7D24D02A28A6}.Release|ARM.ActiveCfg = Release|Any CPU
		{56CE2B41-BD79-40A6-82B9-7D24D02A28A6}.Release|ARM.Build.0 = Release|Any CPU
		{56CE2B41-BD79-40A6-82B9-7D24D02A28A6}.Release|ARM64.ActiveCfg = Release|Any CPU
		{56CE2B41-BD79-40A6-82B9-7D24D02A28A6}.Release|ARM64.Build.0 = Release|Any CPU
		{56CE2B41-BD79-40A6-82B9-7D24D02A28A6}.Release|x64.ActiveCfg = Release|Any CPU
		{56CE2B41-BD79-40A6-82B9-7D24D02A28A6}.Release|x64.Build.0 = Release|Any CPU
		{56CE2B41-BD79-40A6-82B9-7D24D02A28A6}.Release|x86.ActiveCfg = Release|Any CPU
		{56CE2B41-BD79-40A6-82B9-7D24D02A28A6}.Release|x86.Build.0 = Release|Any CPU
		{757B8A71-E34C-4ECB-9035-49F58715C89F}.Debug|Any CPU.ActiveCfg = Debug|Any CPU
		{757B8A71-E34C-4ECB-9035-49F58715C89F}.Debug|Any CPU.Build.0 = Debug|Any CPU
		{757B8A71-E34C-4ECB-9035-49F58715C89F}.Debug|ARM.ActiveCfg = Debug|Any CPU
		{757B8A71-E34C-4ECB-9035-49F58715C89F}.Debug|ARM.Build.0 = Debug|Any CPU
		{757B8A71-E34C-4ECB-9035-49F58715C89F}.Debug|ARM64.ActiveCfg = Debug|Any CPU
		{757B8A71-E34C-4ECB-9035-49F58715C89F}.Debug|ARM64.Build.0 = Debug|Any CPU
		{757B8A71-E34C-4ECB-9035-49F58715C89F}.Debug|x64.ActiveCfg = Debug|Any CPU
		{757B8A71-E34C-4ECB-9035-49F58715C89F}.Debug|x64.Build.0 = Debug|Any CPU
		{757B8A71-E34C-4ECB-9035-49F58715C89F}.Debug|x86.ActiveCfg = Debug|Any CPU
		{757B8A71-E34C-4ECB-9035-49F58715C89F}.Debug|x86.Build.0 = Debug|Any CPU
		{757B8A71-E34C-4ECB-9035-49F58715C89F}.Release|Any CPU.ActiveCfg = Release|Any CPU
		{757B8A71-E34C-4ECB-9035-49F58715C89F}.Release|Any CPU.Build.0 = Release|Any CPU
		{757B8A71-E34C-4ECB-9035-49F58715C89F}.Release|ARM.ActiveCfg = Release|Any CPU
		{757B8A71-E34C-4ECB-9035-49F58715C89F}.Release|ARM.Build.0 = Release|Any CPU
		{757B8A71-E34C-4ECB-9035-49F58715C89F}.Release|ARM64.ActiveCfg = Release|Any CPU
		{757B8A71-E34C-4ECB-9035-49F58715C89F}.Release|ARM64.Build.0 = Release|Any CPU
		{757B8A71-E34C-4ECB-9035-49F58715C89F}.Release|x64.ActiveCfg = Release|Any CPU
		{757B8A71-E34C-4ECB-9035-49F58715C89F}.Release|x64.Build.0 = Release|Any CPU
		{757B8A71-E34C-4ECB-9035-49F58715C89F}.Release|x86.ActiveCfg = Release|Any CPU
		{757B8A71-E34C-4ECB-9035-49F58715C89F}.Release|x86.Build.0 = Release|Any CPU
	EndGlobalSection
	GlobalSection(SolutionProperties) = preSolution
		HideSolutionNode = FALSE
	EndGlobalSection
	GlobalSection(ExtensibilityGlobals) = postSolution
		SolutionGuid = {D20F11D0-663C-40BE-BC65-7E64862AA072}
	EndGlobalSection
EndGlobal
